// !$*UTF8*$!
{
	archiveVersion = 1;
	classes = {
	};
	objectVersion = 50;
	objects = {

/* Begin PBXBuildFile section */
		309968B191744CD579C930B6 /* Pods_flixster.framework in Frameworks */ = {isa = PBXBuildFile; fileRef = 822CC5DFD6F16D581FB74AA5 /* Pods_flixster.framework */; };
		9F5CF5DB7C75776D5FD9BBAF /* Pods_flixster_flixsterUITests.framework in Frameworks */ = {isa = PBXBuildFile; fileRef = 33280ECB18F537EFE4C093EE /* Pods_flixster_flixsterUITests.framework */; };
		A07E955C48561C591A54A6F8 /* Pods_flixsterTests.framework in Frameworks */ = {isa = PBXBuildFile; fileRef = 126296927F29EC1F020C0A16 /* Pods_flixsterTests.framework */; };
		E2DD2C8F251D2FB3003D69DC /* AppDelegate.swift in Sources */ = {isa = PBXBuildFile; fileRef = E2DD2C8E251D2FB3003D69DC /* AppDelegate.swift */; };
		E2DD2C91251D2FB4003D69DC /* SceneDelegate.swift in Sources */ = {isa = PBXBuildFile; fileRef = E2DD2C90251D2FB4003D69DC /* SceneDelegate.swift */; };
		E2DD2C96251D2FB4003D69DC /* Main.storyboard in Resources */ = {isa = PBXBuildFile; fileRef = E2DD2C94251D2FB4003D69DC /* Main.storyboard */; };
		E2DD2C98251D2FB4003D69DC /* Assets.xcassets in Resources */ = {isa = PBXBuildFile; fileRef = E2DD2C97251D2FB4003D69DC /* Assets.xcassets */; };
		E2DD2C9B251D2FB4003D69DC /* LaunchScreen.storyboard in Resources */ = {isa = PBXBuildFile; fileRef = E2DD2C99251D2FB4003D69DC /* LaunchScreen.storyboard */; };
		E2DD2CA6251D2FB5003D69DC /* flixsterTests.swift in Sources */ = {isa = PBXBuildFile; fileRef = E2DD2CA5251D2FB5003D69DC /* flixsterTests.swift */; };
		E2DD2CB1251D2FB5003D69DC /* flixsterUITests.swift in Sources */ = {isa = PBXBuildFile; fileRef = E2DD2CB0251D2FB5003D69DC /* flixsterUITests.swift */; };
		E2DD2CC5251D3124003D69DC /* MoviesViewController.swift in Sources */ = {isa = PBXBuildFile; fileRef = E2DD2CC4251D3124003D69DC /* MoviesViewController.swift */; };
		E2DD2CCA251D3A47003D69DC /* MovieCell.swift in Sources */ = {isa = PBXBuildFile; fileRef = E2DD2CC9251D3A47003D69DC /* MovieCell.swift */; };
/* End PBXBuildFile section */

/* Begin PBXContainerItemProxy section */
		E2DD2CA2251D2FB5003D69DC /* PBXContainerItemProxy */ = {
			isa = PBXContainerItemProxy;
			containerPortal = E2DD2C83251D2FB3003D69DC /* Project object */;
			proxyType = 1;
			remoteGlobalIDString = E2DD2C8A251D2FB3003D69DC;
			remoteInfo = flixster;
		};
		E2DD2CAD251D2FB5003D69DC /* PBXContainerItemProxy */ = {
			isa = PBXContainerItemProxy;
			containerPortal = E2DD2C83251D2FB3003D69DC /* Project object */;
			proxyType = 1;
			remoteGlobalIDString = E2DD2C8A251D2FB3003D69DC;
			remoteInfo = flixster;
		};
/* End PBXContainerItemProxy section */

/* Begin PBXFileReference section */
		126296927F29EC1F020C0A16 /* Pods_flixsterTests.framework */ = {isa = PBXFileReference; explicitFileType = wrapper.framework; includeInIndex = 0; path = Pods_flixsterTests.framework; sourceTree = BUILT_PRODUCTS_DIR; };
		1BAD6C5D9848243BC174896B /* Pods-flixster.debug.xcconfig */ = {isa = PBXFileReference; includeInIndex = 1; lastKnownFileType = text.xcconfig; name = "Pods-flixster.debug.xcconfig"; path = "Target Support Files/Pods-flixster/Pods-flixster.debug.xcconfig"; sourceTree = "<group>"; };
		33280ECB18F537EFE4C093EE /* Pods_flixster_flixsterUITests.framework */ = {isa = PBXFileReference; explicitFileType = wrapper.framework; includeInIndex = 0; path = Pods_flixster_flixsterUITests.framework; sourceTree = BUILT_PRODUCTS_DIR; };
		3A280D28465BAD23906CFDC5 /* Pods-flixster-flixsterUITests.release.xcconfig */ = {isa = PBXFileReference; includeInIndex = 1; lastKnownFileType = text.xcconfig; name = "Pods-flixster-flixsterUITests.release.xcconfig"; path = "Target Support Files/Pods-flixster-flixsterUITests/Pods-flixster-flixsterUITests.release.xcconfig"; sourceTree = "<group>"; };
		7464BCA57DDB161EB798C846 /* Pods-flixsterTests.release.xcconfig */ = {isa = PBXFileReference; includeInIndex = 1; lastKnownFileType = text.xcconfig; name = "Pods-flixsterTests.release.xcconfig"; path = "Target Support Files/Pods-flixsterTests/Pods-flixsterTests.release.xcconfig"; sourceTree = "<group>"; };
		822CC5DFD6F16D581FB74AA5 /* Pods_flixster.framework */ = {isa = PBXFileReference; explicitFileType = wrapper.framework; includeInIndex = 0; path = Pods_flixster.framework; sourceTree = BUILT_PRODUCTS_DIR; };
		9C5161631E683799F6C1EF94 /* Pods-flixsterTests.debug.xcconfig */ = {isa = PBXFileReference; includeInIndex = 1; lastKnownFileType = text.xcconfig; name = "Pods-flixsterTests.debug.xcconfig"; path = "Target Support Files/Pods-flixsterTests/Pods-flixsterTests.debug.xcconfig"; sourceTree = "<group>"; };
		A3773A57C547284EBFCD5551 /* Pods-flixster-flixsterUITests.debug.xcconfig */ = {isa = PBXFileReference; includeInIndex = 1; lastKnownFileType = text.xcconfig; name = "Pods-flixster-flixsterUITests.debug.xcconfig"; path = "Target Support Files/Pods-flixster-flixsterUITests/Pods-flixster-flixsterUITests.debug.xcconfig"; sourceTree = "<group>"; };
		E2DD2C8B251D2FB3003D69DC /* flixster.app */ = {isa = PBXFileReference; explicitFileType = wrapper.application; includeInIndex = 0; path = flixster.app; sourceTree = BUILT_PRODUCTS_DIR; };
		E2DD2C8E251D2FB3003D69DC /* AppDelegate.swift */ = {isa = PBXFileReference; lastKnownFileType = sourcecode.swift; path = AppDelegate.swift; sourceTree = "<group>"; };
		E2DD2C90251D2FB4003D69DC /* SceneDelegate.swift */ = {isa = PBXFileReference; lastKnownFileType = sourcecode.swift; path = SceneDelegate.swift; sourceTree = "<group>"; };
		E2DD2C95251D2FB4003D69DC /* Base */ = {isa = PBXFileReference; lastKnownFileType = file.storyboard; name = Base; path = Base.lproj/Main.storyboard; sourceTree = "<group>"; };
		E2DD2C97251D2FB4003D69DC /* Assets.xcassets */ = {isa = PBXFileReference; lastKnownFileType = folder.assetcatalog; path = Assets.xcassets; sourceTree = "<group>"; };
		E2DD2C9A251D2FB4003D69DC /* Base */ = {isa = PBXFileReference; lastKnownFileType = file.storyboard; name = Base; path = Base.lproj/LaunchScreen.storyboard; sourceTree = "<group>"; };
		E2DD2C9C251D2FB4003D69DC /* Info.plist */ = {isa = PBXFileReference; lastKnownFileType = text.plist.xml; path = Info.plist; sourceTree = "<group>"; };
		E2DD2CA1251D2FB4003D69DC /* flixsterTests.xctest */ = {isa = PBXFileReference; explicitFileType = wrapper.cfbundle; includeInIndex = 0; path = flixsterTests.xctest; sourceTree = BUILT_PRODUCTS_DIR; };
		E2DD2CA5251D2FB5003D69DC /* flixsterTests.swift */ = {isa = PBXFileReference; lastKnownFileType = sourcecode.swift; path = flixsterTests.swift; sourceTree = "<group>"; };
		E2DD2CA7251D2FB5003D69DC /* Info.plist */ = {isa = PBXFileReference; lastKnownFileType = text.plist.xml; path = Info.plist; sourceTree = "<group>"; };
		E2DD2CAC251D2FB5003D69DC /* flixsterUITests.xctest */ = {isa = PBXFileReference; explicitFileType = wrapper.cfbundle; includeInIndex = 0; path = flixsterUITests.xctest; sourceTree = BUILT_PRODUCTS_DIR; };
		E2DD2CB0251D2FB5003D69DC /* flixsterUITests.swift */ = {isa = PBXFileReference; lastKnownFileType = sourcecode.swift; path = flixsterUITests.swift; sourceTree = "<group>"; };
		E2DD2CB2251D2FB5003D69DC /* Info.plist */ = {isa = PBXFileReference; lastKnownFileType = text.plist.xml; path = Info.plist; sourceTree = "<group>"; };
		E2DD2CC4251D3124003D69DC /* MoviesViewController.swift */ = {isa = PBXFileReference; lastKnownFileType = sourcecode.swift; path = MoviesViewController.swift; sourceTree = "<group>"; };
		E2DD2CC9251D3A47003D69DC /* MovieCell.swift */ = {isa = PBXFileReference; lastKnownFileType = sourcecode.swift; path = MovieCell.swift; sourceTree = "<group>"; };
		F2215B92C57847E11D7A2705 /* Pods-flixster.release.xcconfig */ = {isa = PBXFileReference; includeInIndex = 1; lastKnownFileType = text.xcconfig; name = "Pods-flixster.release.xcconfig"; path = "Target Support Files/Pods-flixster/Pods-flixster.release.xcconfig"; sourceTree = "<group>"; };
/* End PBXFileReference section */

/* Begin PBXFrameworksBuildPhase section */
		E2DD2C88251D2FB3003D69DC /* Frameworks */ = {
			isa = PBXFrameworksBuildPhase;
			buildActionMask = 2147483647;
			files = (
				309968B191744CD579C930B6 /* Pods_flixster.framework in Frameworks */,
			);
			runOnlyForDeploymentPostprocessing = 0;
		};
		E2DD2C9E251D2FB4003D69DC /* Frameworks */ = {
			isa = PBXFrameworksBuildPhase;
			buildActionMask = 2147483647;
			files = (
				A07E955C48561C591A54A6F8 /* Pods_flixsterTests.framework in Frameworks */,
			);
			runOnlyForDeploymentPostprocessing = 0;
		};
		E2DD2CA9251D2FB5003D69DC /* Frameworks */ = {
			isa = PBXFrameworksBuildPhase;
			buildActionMask = 2147483647;
			files = (
				9F5CF5DB7C75776D5FD9BBAF /* Pods_flixster_flixsterUITests.framework in Frameworks */,
			);
			runOnlyForDeploymentPostprocessing = 0;
		};
/* End PBXFrameworksBuildPhase section */

/* Begin PBXGroup section */
		0FB79F5FD616C837C3263BA9 /* Pods */ = {
			isa = PBXGroup;
			children = (
				1BAD6C5D9848243BC174896B /* Pods-flixster.debug.xcconfig */,
				F2215B92C57847E11D7A2705 /* Pods-flixster.release.xcconfig */,
				A3773A57C547284EBFCD5551 /* Pods-flixster-flixsterUITests.debug.xcconfig */,
				3A280D28465BAD23906CFDC5 /* Pods-flixster-flixsterUITests.release.xcconfig */,
				9C5161631E683799F6C1EF94 /* Pods-flixsterTests.debug.xcconfig */,
				7464BCA57DDB161EB798C846 /* Pods-flixsterTests.release.xcconfig */,
			);
			name = Pods;
			path = Pods;
			sourceTree = "<group>";
		};
		E2DD2C82251D2FB3003D69DC = {
			isa = PBXGroup;
			children = (
				E2DD2C8D251D2FB3003D69DC /* flixster */,
				E2DD2CA4251D2FB5003D69DC /* flixsterTests */,
				E2DD2CAF251D2FB5003D69DC /* flixsterUITests */,
				E2DD2C8C251D2FB3003D69DC /* Products */,
				0FB79F5FD616C837C3263BA9 /* Pods */,
				F522A7327799B348861BB5C0 /* Frameworks */,
			);
			sourceTree = "<group>";
		};
		E2DD2C8C251D2FB3003D69DC /* Products */ = {
			isa = PBXGroup;
			children = (
				E2DD2C8B251D2FB3003D69DC /* flixster.app */,
				E2DD2CA1251D2FB4003D69DC /* flixsterTests.xctest */,
				E2DD2CAC251D2FB5003D69DC /* flixsterUITests.xctest */,
			);
			name = Products;
			sourceTree = "<group>";
		};
		E2DD2C8D251D2FB3003D69DC /* flixster */ = {
			isa = PBXGroup;
			children = (
				E2DD2C8E251D2FB3003D69DC /* AppDelegate.swift */,
				E2DD2C90251D2FB4003D69DC /* SceneDelegate.swift */,
				E2DD2C94251D2FB4003D69DC /* Main.storyboard */,
				E2DD2C97251D2FB4003D69DC /* Assets.xcassets */,
				E2DD2C99251D2FB4003D69DC /* LaunchScreen.storyboard */,
				E2DD2C9C251D2FB4003D69DC /* Info.plist */,
				E2DD2CC4251D3124003D69DC /* MoviesViewController.swift */,
				E2DD2CC9251D3A47003D69DC /* MovieCell.swift */,
			);
			path = flixster;
			sourceTree = "<group>";
		};
		E2DD2CA4251D2FB5003D69DC /* flixsterTests */ = {
			isa = PBXGroup;
			children = (
				E2DD2CA5251D2FB5003D69DC /* flixsterTests.swift */,
				E2DD2CA7251D2FB5003D69DC /* Info.plist */,
			);
			path = flixsterTests;
			sourceTree = "<group>";
		};
		E2DD2CAF251D2FB5003D69DC /* flixsterUITests */ = {
			isa = PBXGroup;
			children = (
				E2DD2CB0251D2FB5003D69DC /* flixsterUITests.swift */,
				E2DD2CB2251D2FB5003D69DC /* Info.plist */,
			);
			path = flixsterUITests;
			sourceTree = "<group>";
		};
		F522A7327799B348861BB5C0 /* Frameworks */ = {
			isa = PBXGroup;
			children = (
				822CC5DFD6F16D581FB74AA5 /* Pods_flixster.framework */,
				33280ECB18F537EFE4C093EE /* Pods_flixster_flixsterUITests.framework */,
				126296927F29EC1F020C0A16 /* Pods_flixsterTests.framework */,
			);
			name = Frameworks;
			sourceTree = "<group>";
		};
/* End PBXGroup section */

/* Begin PBXNativeTarget section */
		E2DD2C8A251D2FB3003D69DC /* flixster */ = {
			isa = PBXNativeTarget;
			buildConfigurationList = E2DD2CB5251D2FB5003D69DC /* Build configuration list for PBXNativeTarget "flixster" */;
			buildPhases = (
				54E16AABC45F851EF57A229D /* [CP] Check Pods Manifest.lock */,
				E2DD2C87251D2FB3003D69DC /* Sources */,
				E2DD2C88251D2FB3003D69DC /* Frameworks */,
				E2DD2C89251D2FB3003D69DC /* Resources */,
				2816F6358277CE7ABCCA3693 /* [CP] Embed Pods Frameworks */,
			);
			buildRules = (
			);
			dependencies = (
			);
			name = flixster;
			productName = flixster;
			productReference = E2DD2C8B251D2FB3003D69DC /* flixster.app */;
			productType = "com.apple.product-type.application";
		};
		E2DD2CA0251D2FB4003D69DC /* flixsterTests */ = {
			isa = PBXNativeTarget;
			buildConfigurationList = E2DD2CB8251D2FB5003D69DC /* Build configuration list for PBXNativeTarget "flixsterTests" */;
			buildPhases = (
				EA8A50F83DF8251F562B9EBB /* [CP] Check Pods Manifest.lock */,
				E2DD2C9D251D2FB4003D69DC /* Sources */,
				E2DD2C9E251D2FB4003D69DC /* Frameworks */,
				E2DD2C9F251D2FB4003D69DC /* Resources */,
			);
			buildRules = (
			);
			dependencies = (
				E2DD2CA3251D2FB5003D69DC /* PBXTargetDependency */,
			);
			name = flixsterTests;
			productName = flixsterTests;
			productReference = E2DD2CA1251D2FB4003D69DC /* flixsterTests.xctest */;
			productType = "com.apple.product-type.bundle.unit-test";
		};
		E2DD2CAB251D2FB5003D69DC /* flixsterUITests */ = {
			isa = PBXNativeTarget;
			buildConfigurationList = E2DD2CBB251D2FB5003D69DC /* Build configuration list for PBXNativeTarget "flixsterUITests" */;
			buildPhases = (
				22D3687EA6AABF3E4C942FDC /* [CP] Check Pods Manifest.lock */,
				E2DD2CA8251D2FB5003D69DC /* Sources */,
				E2DD2CA9251D2FB5003D69DC /* Frameworks */,
				E2DD2CAA251D2FB5003D69DC /* Resources */,
				D3F1559E9C260639EEBFA16D /* [CP] Embed Pods Frameworks */,
			);
			buildRules = (
			);
			dependencies = (
				E2DD2CAE251D2FB5003D69DC /* PBXTargetDependency */,
			);
			name = flixsterUITests;
			productName = flixsterUITests;
			productReference = E2DD2CAC251D2FB5003D69DC /* flixsterUITests.xctest */;
			productType = "com.apple.product-type.bundle.ui-testing";
		};
/* End PBXNativeTarget section */

/* Begin PBXProject section */
		E2DD2C83251D2FB3003D69DC /* Project object */ = {
			isa = PBXProject;
			attributes = {
				LastSwiftUpdateCheck = 1200;
				LastUpgradeCheck = 1200;
				TargetAttributes = {
					E2DD2C8A251D2FB3003D69DC = {
						CreatedOnToolsVersion = 12.0;
					};
					E2DD2CA0251D2FB4003D69DC = {
						CreatedOnToolsVersion = 12.0;
						TestTargetID = E2DD2C8A251D2FB3003D69DC;
					};
					E2DD2CAB251D2FB5003D69DC = {
						CreatedOnToolsVersion = 12.0;
						TestTargetID = E2DD2C8A251D2FB3003D69DC;
					};
				};
			};
			buildConfigurationList = E2DD2C86251D2FB3003D69DC /* Build configuration list for PBXProject "flixster" */;
			compatibilityVersion = "Xcode 9.3";
			developmentRegion = en;
			hasScannedForEncodings = 0;
			knownRegions = (
				en,
				Base,
			);
			mainGroup = E2DD2C82251D2FB3003D69DC;
			productRefGroup = E2DD2C8C251D2FB3003D69DC /* Products */;
			projectDirPath = "";
			projectRoot = "";
			targets = (
				E2DD2C8A251D2FB3003D69DC /* flixster */,
				E2DD2CA0251D2FB4003D69DC /* flixsterTests */,
				E2DD2CAB251D2FB5003D69DC /* flixsterUITests */,
			);
		};
/* End PBXProject section */

/* Begin PBXResourcesBuildPhase section */
		E2DD2C89251D2FB3003D69DC /* Resources */ = {
			isa = PBXResourcesBuildPhase;
			buildActionMask = 2147483647;
			files = (
				E2DD2C9B251D2FB4003D69DC /* LaunchScreen.storyboard in Resources */,
				E2DD2C98251D2FB4003D69DC /* Assets.xcassets in Resources */,
				E2DD2C96251D2FB4003D69DC /* Main.storyboard in Resources */,
			);
			runOnlyForDeploymentPostprocessing = 0;
		};
		E2DD2C9F251D2FB4003D69DC /* Resources */ = {
			isa = PBXResourcesBuildPhase;
			buildActionMask = 2147483647;
			files = (
			);
			runOnlyForDeploymentPostprocessing = 0;
		};
		E2DD2CAA251D2FB5003D69DC /* Resources */ = {
			isa = PBXResourcesBuildPhase;
			buildActionMask = 2147483647;
			files = (
			);
			runOnlyForDeploymentPostprocessing = 0;
		};
/* End PBXResourcesBuildPhase section */

/* Begin PBXShellScriptBuildPhase section */
		22D3687EA6AABF3E4C942FDC /* [CP] Check Pods Manifest.lock */ = {
			isa = PBXShellScriptBuildPhase;
			buildActionMask = 2147483647;
			files = (
			);
			inputFileListPaths = (
			);
			inputPaths = (
				"${PODS_PODFILE_DIR_PATH}/Podfile.lock",
				"${PODS_ROOT}/Manifest.lock",
			);
			name = "[CP] Check Pods Manifest.lock";
			outputFileListPaths = (
			);
			outputPaths = (
				"$(DERIVED_FILE_DIR)/Pods-flixster-flixsterUITests-checkManifestLockResult.txt",
			);
			runOnlyForDeploymentPostprocessing = 0;
			shellPath = /bin/sh;
			shellScript = "diff \"${PODS_PODFILE_DIR_PATH}/Podfile.lock\" \"${PODS_ROOT}/Manifest.lock\" > /dev/null\nif [ $? != 0 ] ; then\n    # print error to STDERR\n    echo \"error: The sandbox is not in sync with the Podfile.lock. Run 'pod install' or update your CocoaPods installation.\" >&2\n    exit 1\nfi\n# This output is used by Xcode 'outputs' to avoid re-running this script phase.\necho \"SUCCESS\" > \"${SCRIPT_OUTPUT_FILE_0}\"\n";
			showEnvVarsInLog = 0;
		};
		2816F6358277CE7ABCCA3693 /* [CP] Embed Pods Frameworks */ = {
			isa = PBXShellScriptBuildPhase;
			buildActionMask = 2147483647;
			files = (
			);
			inputFileListPaths = (
				"${PODS_ROOT}/Target Support Files/Pods-flixster/Pods-flixster-frameworks-${CONFIGURATION}-input-files.xcfilelist",
			);
			name = "[CP] Embed Pods Frameworks";
			outputFileListPaths = (
				"${PODS_ROOT}/Target Support Files/Pods-flixster/Pods-flixster-frameworks-${CONFIGURATION}-output-files.xcfilelist",
			);
			runOnlyForDeploymentPostprocessing = 0;
			shellPath = /bin/sh;
			shellScript = "\"${PODS_ROOT}/Target Support Files/Pods-flixster/Pods-flixster-frameworks.sh\"\n";
			showEnvVarsInLog = 0;
		};
		54E16AABC45F851EF57A229D /* [CP] Check Pods Manifest.lock */ = {
			isa = PBXShellScriptBuildPhase;
			buildActionMask = 2147483647;
			files = (
			);
			inputFileListPaths = (
			);
			inputPaths = (
				"${PODS_PODFILE_DIR_PATH}/Podfile.lock",
				"${PODS_ROOT}/Manifest.lock",
			);
			name = "[CP] Check Pods Manifest.lock";
			outputFileListPaths = (
			);
			outputPaths = (
				"$(DERIVED_FILE_DIR)/Pods-flixster-checkManifestLockResult.txt",
			);
			runOnlyForDeploymentPostprocessing = 0;
			shellPath = /bin/sh;
			shellScript = "diff \"${PODS_PODFILE_DIR_PATH}/Podfile.lock\" \"${PODS_ROOT}/Manifest.lock\" > /dev/null\nif [ $? != 0 ] ; then\n    # print error to STDERR\n    echo \"error: The sandbox is not in sync with the Podfile.lock. Run 'pod install' or update your CocoaPods installation.\" >&2\n    exit 1\nfi\n# This output is used by Xcode 'outputs' to avoid re-running this script phase.\necho \"SUCCESS\" > \"${SCRIPT_OUTPUT_FILE_0}\"\n";
			showEnvVarsInLog = 0;
		};
		D3F1559E9C260639EEBFA16D /* [CP] Embed Pods Frameworks */ = {
			isa = PBXShellScriptBuildPhase;
			buildActionMask = 2147483647;
			files = (
			);
			inputFileListPaths = (
				"${PODS_ROOT}/Target Support Files/Pods-flixster-flixsterUITests/Pods-flixster-flixsterUITests-frameworks-${CONFIGURATION}-input-files.xcfilelist",
			);
			name = "[CP] Embed Pods Frameworks";
			outputFileListPaths = (
				"${PODS_ROOT}/Target Support Files/Pods-flixster-flixsterUITests/Pods-flixster-flixsterUITests-frameworks-${CONFIGURATION}-output-files.xcfilelist",
			);
			runOnlyForDeploymentPostprocessing = 0;
			shellPath = /bin/sh;
			shellScript = "\"${PODS_ROOT}/Target Support Files/Pods-flixster-flixsterUITests/Pods-flixster-flixsterUITests-frameworks.sh\"\n";
			showEnvVarsInLog = 0;
		};
		EA8A50F83DF8251F562B9EBB /* [CP] Check Pods Manifest.lock */ = {
			isa = PBXShellScriptBuildPhase;
			buildActionMask = 2147483647;
			files = (
			);
			inputFileListPaths = (
			);
			inputPaths = (
				"${PODS_PODFILE_DIR_PATH}/Podfile.lock",
				"${PODS_ROOT}/Manifest.lock",
			);
			name = "[CP] Check Pods Manifest.lock";
			outputFileListPaths = (
			);
			outputPaths = (
				"$(DERIVED_FILE_DIR)/Pods-flixsterTests-checkManifestLockResult.txt",
			);
			runOnlyForDeploymentPostprocessing = 0;
			shellPath = /bin/sh;
			shellScript = "diff \"${PODS_PODFILE_DIR_PATH}/Podfile.lock\" \"${PODS_ROOT}/Manifest.lock\" > /dev/null\nif [ $? != 0 ] ; then\n    # print error to STDERR\n    echo \"error: The sandbox is not in sync with the Podfile.lock. Run 'pod install' or update your CocoaPods installation.\" >&2\n    exit 1\nfi\n# This output is used by Xcode 'outputs' to avoid re-running this script phase.\necho \"SUCCESS\" > \"${SCRIPT_OUTPUT_FILE_0}\"\n";
			showEnvVarsInLog = 0;
		};
/* End PBXShellScriptBuildPhase section */

/* Begin PBXSourcesBuildPhase section */
		E2DD2C87251D2FB3003D69DC /* Sources */ = {
			isa = PBXSourcesBuildPhase;
			buildActionMask = 2147483647;
			files = (
				E2DD2C8F251D2FB3003D69DC /* AppDelegate.swift in Sources */,
				E2DD2C91251D2FB4003D69DC /* SceneDelegate.swift in Sources */,
				E2DD2CCA251D3A47003D69DC /* MovieCell.swift in Sources */,
				E2DD2CC5251D3124003D69DC /* MoviesViewController.swift in Sources */,
			);
			runOnlyForDeploymentPostprocessing = 0;
		};
		E2DD2C9D251D2FB4003D69DC /* Sources */ = {
			isa = PBXSourcesBuildPhase;
			buildActionMask = 2147483647;
			files = (
				E2DD2CA6251D2FB5003D69DC /* flixsterTests.swift in Sources */,
			);
			runOnlyForDeploymentPostprocessing = 0;
		};
		E2DD2CA8251D2FB5003D69DC /* Sources */ = {
			isa = PBXSourcesBuildPhase;
			buildActionMask = 2147483647;
			files = (
				E2DD2CB1251D2FB5003D69DC /* flixsterUITests.swift in Sources */,
			);
			runOnlyForDeploymentPostprocessing = 0;
		};
/* End PBXSourcesBuildPhase section */

/* Begin PBXTargetDependency section */
		E2DD2CA3251D2FB5003D69DC /* PBXTargetDependency */ = {
			isa = PBXTargetDependency;
			target = E2DD2C8A251D2FB3003D69DC /* flixster */;
			targetProxy = E2DD2CA2251D2FB5003D69DC /* PBXContainerItemProxy */;
		};
		E2DD2CAE251D2FB5003D69DC /* PBXTargetDependency */ = {
			isa = PBXTargetDependency;
			target = E2DD2C8A251D2FB3003D69DC /* flixster */;
			targetProxy = E2DD2CAD251D2FB5003D69DC /* PBXContainerItemProxy */;
		};
/* End PBXTargetDependency section */

/* Begin PBXVariantGroup section */
		E2DD2C94251D2FB4003D69DC /* Main.storyboard */ = {
			isa = PBXVariantGroup;
			children = (
				E2DD2C95251D2FB4003D69DC /* Base */,
			);
			name = Main.storyboard;
			sourceTree = "<group>";
		};
		E2DD2C99251D2FB4003D69DC /* LaunchScreen.storyboard */ = {
			isa = PBXVariantGroup;
			children = (
				E2DD2C9A251D2FB4003D69DC /* Base */,
			);
			name = LaunchScreen.storyboard;
			sourceTree = "<group>";
		};
/* End PBXVariantGroup section */

/* Begin XCBuildConfiguration section */
		E2DD2CB3251D2FB5003D69DC /* Debug */ = {
			isa = XCBuildConfiguration;
			buildSettings = {
				ALWAYS_SEARCH_USER_PATHS = NO;
				CLANG_ANALYZER_NONNULL = YES;
				CLANG_ANALYZER_NUMBER_OBJECT_CONVERSION = YES_AGGRESSIVE;
				CLANG_CXX_LANGUAGE_STANDARD = "gnu++14";
				CLANG_CXX_LIBRARY = "libc++";
				CLANG_ENABLE_MODULES = YES;
				CLANG_ENABLE_OBJC_ARC = YES;
				CLANG_ENABLE_OBJC_WEAK = YES;
				CLANG_WARN_BLOCK_CAPTURE_AUTORELEASING = YES;
				CLANG_WARN_BOOL_CONVERSION = YES;
				CLANG_WARN_COMMA = YES;
				CLANG_WARN_CONSTANT_CONVERSION = YES;
				CLANG_WARN_DEPRECATED_OBJC_IMPLEMENTATIONS = YES;
				CLANG_WARN_DIRECT_OBJC_ISA_USAGE = YES_ERROR;
				CLANG_WARN_DOCUMENTATION_COMMENTS = YES;
				CLANG_WARN_EMPTY_BODY = YES;
				CLANG_WARN_ENUM_CONVERSION = YES;
				CLANG_WARN_INFINITE_RECURSION = YES;
				CLANG_WARN_INT_CONVERSION = YES;
				CLANG_WARN_NON_LITERAL_NULL_CONVERSION = YES;
				CLANG_WARN_OBJC_IMPLICIT_RETAIN_SELF = YES;
				CLANG_WARN_OBJC_LITERAL_CONVERSION = YES;
				CLANG_WARN_OBJC_ROOT_CLASS = YES_ERROR;
				CLANG_WARN_QUOTED_INCLUDE_IN_FRAMEWORK_HEADER = YES;
				CLANG_WARN_RANGE_LOOP_ANALYSIS = YES;
				CLANG_WARN_STRICT_PROTOTYPES = YES;
				CLANG_WARN_SUSPICIOUS_MOVE = YES;
				CLANG_WARN_UNGUARDED_AVAILABILITY = YES_AGGRESSIVE;
				CLANG_WARN_UNREACHABLE_CODE = YES;
				CLANG_WARN__DUPLICATE_METHOD_MATCH = YES;
				COPY_PHASE_STRIP = NO;
				DEBUG_INFORMATION_FORMAT = dwarf;
				ENABLE_STRICT_OBJC_MSGSEND = YES;
				ENABLE_TESTABILITY = YES;
				GCC_C_LANGUAGE_STANDARD = gnu11;
				GCC_DYNAMIC_NO_PIC = NO;
				GCC_NO_COMMON_BLOCKS = YES;
				GCC_OPTIMIZATION_LEVEL = 0;
				GCC_PREPROCESSOR_DEFINITIONS = (
					"DEBUG=1",
					"$(inherited)",
				);
				GCC_WARN_64_TO_32_BIT_CONVERSION = YES;
				GCC_WARN_ABOUT_RETURN_TYPE = YES_ERROR;
				GCC_WARN_UNDECLARED_SELECTOR = YES;
				GCC_WARN_UNINITIALIZED_AUTOS = YES_AGGRESSIVE;
				GCC_WARN_UNUSED_FUNCTION = YES;
				GCC_WARN_UNUSED_VARIABLE = YES;
				IPHONEOS_DEPLOYMENT_TARGET = 14.0;
				MTL_ENABLE_DEBUG_INFO = INCLUDE_SOURCE;
				MTL_FAST_MATH = YES;
				ONLY_ACTIVE_ARCH = YES;
				SDKROOT = iphoneos;
				SWIFT_ACTIVE_COMPILATION_CONDITIONS = DEBUG;
				SWIFT_OPTIMIZATION_LEVEL = "-Onone";
			};
			name = Debug;
		};
		E2DD2CB4251D2FB5003D69DC /* Release */ = {
			isa = XCBuildConfiguration;
			buildSettings = {
				ALWAYS_SEARCH_USER_PATHS = NO;
				CLANG_ANALYZER_NONNULL = YES;
				CLANG_ANALYZER_NUMBER_OBJECT_CONVERSION = YES_AGGRESSIVE;
				CLANG_CXX_LANGUAGE_STANDARD = "gnu++14";
				CLANG_CXX_LIBRARY = "libc++";
				CLANG_ENABLE_MODULES = YES;
				CLANG_ENABLE_OBJC_ARC = YES;
				CLANG_ENABLE_OBJC_WEAK = YES;
				CLANG_WARN_BLOCK_CAPTURE_AUTORELEASING = YES;
				CLANG_WARN_BOOL_CONVERSION = YES;
				CLANG_WARN_COMMA = YES;
				CLANG_WARN_CONSTANT_CONVERSION = YES;
				CLANG_WARN_DEPRECATED_OBJC_IMPLEMENTATIONS = YES;
				CLANG_WARN_DIRECT_OBJC_ISA_USAGE = YES_ERROR;
				CLANG_WARN_DOCUMENTATION_COMMENTS = YES;
				CLANG_WARN_EMPTY_BODY = YES;
				CLANG_WARN_ENUM_CONVERSION = YES;
				CLANG_WARN_INFINITE_RECURSION = YES;
				CLANG_WARN_INT_CONVERSION = YES;
				CLANG_WARN_NON_LITERAL_NULL_CONVERSION = YES;
				CLANG_WARN_OBJC_IMPLICIT_RETAIN_SELF = YES;
				CLANG_WARN_OBJC_LITERAL_CONVERSION = YES;
				CLANG_WARN_OBJC_ROOT_CLASS = YES_ERROR;
				CLANG_WARN_QUOTED_INCLUDE_IN_FRAMEWORK_HEADER = YES;
				CLANG_WARN_RANGE_LOOP_ANALYSIS = YES;
				CLANG_WARN_STRICT_PROTOTYPES = YES;
				CLANG_WARN_SUSPICIOUS_MOVE = YES;
				CLANG_WARN_UNGUARDED_AVAILABILITY = YES_AGGRESSIVE;
				CLANG_WARN_UNREACHABLE_CODE = YES;
				CLANG_WARN__DUPLICATE_METHOD_MATCH = YES;
				COPY_PHASE_STRIP = NO;
				DEBUG_INFORMATION_FORMAT = "dwarf-with-dsym";
				ENABLE_NS_ASSERTIONS = NO;
				ENABLE_STRICT_OBJC_MSGSEND = YES;
				GCC_C_LANGUAGE_STANDARD = gnu11;
				GCC_NO_COMMON_BLOCKS = YES;
				GCC_WARN_64_TO_32_BIT_CONVERSION = YES;
				GCC_WARN_ABOUT_RETURN_TYPE = YES_ERROR;
				GCC_WARN_UNDECLARED_SELECTOR = YES;
				GCC_WARN_UNINITIALIZED_AUTOS = YES_AGGRESSIVE;
				GCC_WARN_UNUSED_FUNCTION = YES;
				GCC_WARN_UNUSED_VARIABLE = YES;
				IPHONEOS_DEPLOYMENT_TARGET = 14.0;
				MTL_ENABLE_DEBUG_INFO = NO;
				MTL_FAST_MATH = YES;
				SDKROOT = iphoneos;
				SWIFT_COMPILATION_MODE = wholemodule;
				SWIFT_OPTIMIZATION_LEVEL = "-O";
				VALIDATE_PRODUCT = YES;
			};
			name = Release;
		};
		E2DD2CB6251D2FB5003D69DC /* Debug */ = {
			isa = XCBuildConfiguration;
			baseConfigurationReference = 1BAD6C5D9848243BC174896B /* Pods-flixster.debug.xcconfig */;
			buildSettings = {
				ASSETCATALOG_COMPILER_APPICON_NAME = AppIcon;
				ASSETCATALOG_COMPILER_GLOBAL_ACCENT_COLOR_NAME = AccentColor;
				CODE_SIGN_STYLE = Automatic;
				DEVELOPMENT_TEAM = 548Z6P66HX;
				INFOPLIST_FILE = flixster/Info.plist;
				LD_RUNPATH_SEARCH_PATHS = (
					"$(inherited)",
					"@executable_path/Frameworks",
				);
				PRODUCT_BUNDLE_IDENTIFIER = com.erikvillavera.flixster;
				PRODUCT_NAME = "$(TARGET_NAME)";
				SWIFT_VERSION = 5.0;
				TARGETED_DEVICE_FAMILY = "1,2";
			};
			name = Debug;
		};
		E2DD2CB7251D2FB5003D69DC /* Release */ = {
			isa = XCBuildConfiguration;
			baseConfigurationReference = F2215B92C57847E11D7A2705 /* Pods-flixster.release.xcconfig */;
			buildSettings = {
				ASSETCATALOG_COMPILER_APPICON_NAME = AppIcon;
				ASSETCATALOG_COMPILER_GLOBAL_ACCENT_COLOR_NAME = AccentColor;
				CODE_SIGN_STYLE = Automatic;
				DEVELOPMENT_TEAM = 548Z6P66HX;
				INFOPLIST_FILE = flixster/Info.plist;
				LD_RUNPATH_SEARCH_PATHS = (
					"$(inherited)",
					"@executable_path/Frameworks",
				);
				PRODUCT_BUNDLE_IDENTIFIER = com.erikvillavera.flixster;
				PRODUCT_NAME = "$(TARGET_NAME)";
				SWIFT_VERSION = 5.0;
				TARGETED_DEVICE_FAMILY = "1,2";
			};
			name = Release;
		};
		E2DD2CB9251D2FB5003D69DC /* Debug */ = {
			isa = XCBuildConfiguration;
			baseConfigurationReference = 9C5161631E683799F6C1EF94 /* Pods-flixsterTests.debug.xcconfig */;
			buildSettings = {
				ALWAYS_EMBED_SWIFT_STANDARD_LIBRARIES = YES;
				BUNDLE_LOADER = "$(TEST_HOST)";
				CODE_SIGN_STYLE = Automatic;
				DEVELOPMENT_TEAM = 548Z6P66HX;
				INFOPLIST_FILE = flixsterTests/Info.plist;
				IPHONEOS_DEPLOYMENT_TARGET = 14.0;
				LD_RUNPATH_SEARCH_PATHS = (
					"$(inherited)",
					"@executable_path/Frameworks",
					"@loader_path/Frameworks",
				);
				PRODUCT_BUNDLE_IDENTIFIER = com.erikvillavera.flixsterTests;
				PRODUCT_NAME = "$(TARGET_NAME)";
				SWIFT_VERSION = 5.0;
				TARGETED_DEVICE_FAMILY = "1,2";
				TEST_HOST = "$(BUILT_PRODUCTS_DIR)/flixster.app/flixster";
			};
			name = Debug;
		};
		E2DD2CBA251D2FB5003D69DC /* Release */ = {
			isa = XCBuildConfiguration;
			baseConfigurationReference = 7464BCA57DDB161EB798C846 /* Pods-flixsterTests.release.xcconfig */;
			buildSettings = {
				ALWAYS_EMBED_SWIFT_STANDARD_LIBRARIES = YES;
				BUNDLE_LOADER = "$(TEST_HOST)";
				CODE_SIGN_STYLE = Automatic;
				DEVELOPMENT_TEAM = 548Z6P66HX;
				INFOPLIST_FILE = flixsterTests/Info.plist;
				IPHONEOS_DEPLOYMENT_TARGET = 14.0;
				LD_RUNPATH_SEARCH_PATHS = (
					"$(inherited)",
					"@executable_path/Frameworks",
					"@loader_path/Frameworks",
				);
				PRODUCT_BUNDLE_IDENTIFIER = com.erikvillavera.flixsterTests;
				PRODUCT_NAME = "$(TARGET_NAME)";
				SWIFT_VERSION = 5.0;
				TARGETED_DEVICE_FAMILY = "1,2";
				TEST_HOST = "$(BUILT_PRODUCTS_DIR)/flixster.app/flixster";
			};
			name = Release;
		};
		E2DD2CBC251D2FB5003D69DC /* Debug */ = {
			isa = XCBuildConfiguration;
			baseConfigurationReference = A3773A57C547284EBFCD5551 /* Pods-flixster-flixsterUITests.debug.xcconfig */;
			buildSettings = {
				ALWAYS_EMBED_SWIFT_STANDARD_LIBRARIES = YES;
				CODE_SIGN_STYLE = Automatic;
				DEVELOPMENT_TEAM = 548Z6P66HX;
				INFOPLIST_FILE = flixsterUITests/Info.plist;
				LD_RUNPATH_SEARCH_PATHS = (
					"$(inherited)",
					"@executable_path/Frameworks",
					"@loader_path/Frameworks",
				);
				PRODUCT_BUNDLE_IDENTIFIER = com.erikvillavera.flixsterUITests;
				PRODUCT_NAME = "$(TARGET_NAME)";
				SWIFT_VERSION = 5.0;
				TARGETED_DEVICE_FAMILY = "1,2";
				TEST_TARGET_NAME = flixster;
			};
			name = Debug;
		};
		E2DD2CBD251D2FB5003D69DC /* Release */ = {
			isa = XCBuildConfiguration;
			baseConfigurationReference = 3A280D28465BAD23906CFDC5 /* Pods-flixster-flixsterUITests.release.xcconfig */;
			buildSettings = {
				ALWAYS_EMBED_SWIFT_STANDARD_LIBRARIES = YES;
				CODE_SIGN_STYLE = Automatic;
				DEVELOPMENT_TEAM = 548Z6P66HX;
				INFOPLIST_FILE = flixsterUITests/Info.plist;
				LD_RUNPATH_SEARCH_PATHS = (
					"$(inherited)",
					"@executable_path/Frameworks",
					"@loader_path/Frameworks",
				);
				PRODUCT_BUNDLE_IDENTIFIER = com.erikvillavera.flixsterUITests;
				PRODUCT_NAME = "$(TARGET_NAME)";
				SWIFT_VERSION = 5.0;
				TARGETED_DEVICE_FAMILY = "1,2";
				TEST_TARGET_NAME = flixster;
			};
			name = Release;
		};
/* End XCBuildConfiguration section */

/* Begin XCConfigurationList section */
		E2DD2C86251D2FB3003D69DC /* Build configuration list for PBXProject "flixster" */ = {
			isa = XCConfigurationList;
			buildConfigurations = (
				E2DD2CB3251D2FB5003D69DC /* Debug */,
				E2DD2CB4251D2FB5003D69DC /* Release */,
			);
			defaultConfigurationIsVisible = 0;
			defaultConfigurationName = Release;
		};
		E2DD2CB5251D2FB5003D69DC /* Build configuration list for PBXNativeTarget "flixster" */ = {
			isa = XCConfigurationList;
			buildConfigurations = (
				E2DD2CB6251D2FB5003D69DC /* Debug */,
				E2DD2CB7251D2FB5003D69DC /* Release */,
			);
			defaultConfigurationIsVisible = 0;
			defaultConfigurationName = Release;
		};
		E2DD2CB8251D2FB5003D69DC /* Build configuration list for PBXNativeTarget "flixsterTests" */ = {
			isa = XCConfigurationList;
			buildConfigurations = (
				E2DD2CB9251D2FB5003D69DC /* Debug */,
				E2DD2CBA251D2FB5003D69DC /* Release */,
			);
			defaultConfigurationIsVisible = 0;
			defaultConfigurationName = Release;
		};
		E2DD2CBB251D2FB5003D69DC /* Build configuration list for PBXNativeTarget "flixsterUITests" */ = {
			isa = XCConfigurationList;
			buildConfigurations = (
				E2DD2CBC251D2FB5003D69DC /* Debug */,
				E2DD2CBD251D2FB5003D69DC /* Release */,
			);
			defaultConfigurationIsVisible = 0;
			defaultConfigurationName = Release;
		};
/* End XCConfigurationList section */
	};
	rootObject = E2DD2C83251D2FB3003D69DC /* Project object */;
}
